
Microsoft Visual Studio Solution File, Format Version 12.00
# Visual Studio Version 17
VisualStudioVersion = 17.1.32210.238
MinimumVisualStudioVersion = 10.0.40219.1
Project("{FAE04EC0-301F-11D3-BF4B-00C04F79EFBC}") = "BedeBackEndTestProject", "BedeBackEndTestProject.csproj", "{552340DE-7919-49D2-A5AF-6AC60958C085}"
EndProject
Global
	GlobalSection(SolutionConfigurationPlatforms) = preSolution
		Debug|Any CPU = Debug|Any CPU
		Release|Any CPU = Release|Any CPU
	EndGlobalSection
	GlobalSection(ProjectConfigurationPlatforms) = postSolution
		{552340DE-7919-49D2-A5AF-6AC60958C085}.Debug|Any CPU.ActiveCfg = Debug|Any CPU
		{552340DE-7919-49D2-A5AF-6AC60958C085}.Debug|Any CPU.Build.0 = Debug|Any CPU
		{552340DE-7919-49D2-A5AF-6AC60958C085}.Release|Any CPU.ActiveCfg = Release|Any CPU
		{552340DE-7919-49D2-A5AF-6AC60958C085}.Release|Any CPU.Build.0 = Release|Any CPU
	EndGlobalSection
	GlobalSection(SolutionProperties) = preSolution
		HideSolutionNode = FALSE
	EndGlobalSection
	GlobalSection(ExtensibilityGlobals) = postSolution
		SolutionGuid = {188A6DF9-4065-4525-886F-EF543064F8FD}
	EndGlobalSection
EndGlobal
